
Microsoft Visual Studio Solution File, Format Version 12.00
# Visual Studio Version 17
VisualStudioVersion = 17.6.33815.320
MinimumVisualStudioVersion = 10.0.40219.1
Project("{FAE04EC0-301F-11D3-BF4B-00C04F79EFBC}") = "SumaDigitos", "SumaDigitos\SumaDigitos.csproj", "{807E539D-504E-4EB6-8056-DF26B1377B8D}"
EndProject
Global
	GlobalSection(SolutionConfigurationPlatforms) = preSolution
		Debug|Any CPU = Debug|Any CPU
		Release|Any CPU = Release|Any CPU
	EndGlobalSection
	GlobalSection(ProjectConfigurationPlatforms) = postSolution
		{807E539D-504E-4EB6-8056-DF26B1377B8D}.Debug|Any CPU.ActiveCfg = Debug|Any CPU
		{807E539D-504E-4EB6-8056-DF26B1377B8D}.Debug|Any CPU.Build.0 = Debug|Any CPU
		{807E539D-504E-4EB6-8056-DF26B1377B8D}.Release|Any CPU.ActiveCfg = Release|Any CPU
		{807E539D-504E-4EB6-8056-DF26B1377B8D}.Release|Any CPU.Build.0 = Release|Any CPU
	EndGlobalSection
	GlobalSection(SolutionProperties) = preSolution
		HideSolutionNode = FALSE
	EndGlobalSection
	GlobalSection(ExtensibilityGlobals) = postSolution
		SolutionGuid = {6503B42F-67C1-4026-BD82-3B367421B307}
	EndGlobalSection
EndGlobal
